// !$*UTF8*$!
{
	archiveVersion = 1;
	classes = {
	};
	objectVersion = 50;
	objects = {

/* Begin PBXBuildFile section */
		4C0B4ED125A218EA00D319E1 /* FrameworkDetailView.swift in Sources */ = {isa = PBXBuildFile; fileRef = 4C0B4ED025A218EA00D319E1 /* FrameworkDetailView.swift */; };
		4C0B4ED525A2393800D319E1 /* AFButton.swift in Sources */ = {isa = PBXBuildFile; fileRef = 4C0B4ED425A2393800D319E1 /* AFButton.swift */; };
		4C189D8C258FF44A00FA7652 /* Apple_FrameworksApp.swift in Sources */ = {isa = PBXBuildFile; fileRef = 4C189D8B258FF44A00FA7652 /* Apple_FrameworksApp.swift */; };
		4C189D8E258FF44A00FA7652 /* FrameworkGridView.swift in Sources */ = {isa = PBXBuildFile; fileRef = 4C189D8D258FF44A00FA7652 /* FrameworkGridView.swift */; };
		4C189D90258FF45400FA7652 /* Assets.xcassets in Resources */ = {isa = PBXBuildFile; fileRef = 4C189D8F258FF45400FA7652 /* Assets.xcassets */; };
		4C189D93258FF45400FA7652 /* Preview Assets.xcassets in Resources */ = {isa = PBXBuildFile; fileRef = 4C189D92258FF45400FA7652 /* Preview Assets.xcassets */; };
		4C189D9C258FF4AF00FA7652 /* Framework.swift in Sources */ = {isa = PBXBuildFile; fileRef = 4C189D9B258FF4AF00FA7652 /* Framework.swift */; };
		4CE69BC925A7521B00F8BA45 /* FrameworkGridViewModel.swift in Sources */ = {isa = PBXBuildFile; fileRef = 4CE69BC825A7521B00F8BA45 /* FrameworkGridViewModel.swift */; };
		4CE69BCE25A77AA400F8BA45 /* SafariView.swift in Sources */ = {isa = PBXBuildFile; fileRef = 4CE69BCD25A77AA400F8BA45 /* SafariView.swift */; };
		4CE69BD125A77F5500F8BA45 /* FrameworkTitleView.swift in Sources */ = {isa = PBXBuildFile; fileRef = 4CE69BD025A77F5500F8BA45 /* FrameworkTitleView.swift */; };
		4CE69BD525A7804200F8BA45 /* XDismissButton.swift in Sources */ = {isa = PBXBuildFile; fileRef = 4CE69BD425A7804200F8BA45 /* XDismissButton.swift */; };
/* End PBXBuildFile section */

/* Begin PBXFileReference section */
		4C0B4ED025A218EA00D319E1 /* FrameworkDetailView.swift */ = {isa = PBXFileReference; lastKnownFileType = sourcecode.swift; path = FrameworkDetailView.swift; sourceTree = "<group>"; };
		4C0B4ED425A2393800D319E1 /* AFButton.swift */ = {isa = PBXFileReference; lastKnownFileType = sourcecode.swift; path = AFButton.swift; sourceTree = "<group>"; };
		4C189D88258FF44A00FA7652 /* Apple-Frameworks.app */ = {isa = PBXFileReference; explicitFileType = wrapper.application; includeInIndex = 0; path = "Apple-Frameworks.app"; sourceTree = BUILT_PRODUCTS_DIR; };
		4C189D8B258FF44A00FA7652 /* Apple_FrameworksApp.swift */ = {isa = PBXFileReference; lastKnownFileType = sourcecode.swift; path = Apple_FrameworksApp.swift; sourceTree = "<group>"; };
		4C189D8D258FF44A00FA7652 /* FrameworkGridView.swift */ = {isa = PBXFileReference; lastKnownFileType = sourcecode.swift; path = FrameworkGridView.swift; sourceTree = "<group>"; };
		4C189D8F258FF45400FA7652 /* Assets.xcassets */ = {isa = PBXFileReference; lastKnownFileType = folder.assetcatalog; path = Assets.xcassets; sourceTree = "<group>"; };
		4C189D92258FF45400FA7652 /* Preview Assets.xcassets */ = {isa = PBXFileReference; lastKnownFileType = folder.assetcatalog; path = "Preview Assets.xcassets"; sourceTree = "<group>"; };
		4C189D94258FF45400FA7652 /* Info.plist */ = {isa = PBXFileReference; lastKnownFileType = text.plist.xml; path = Info.plist; sourceTree = "<group>"; };
		4C189D9B258FF4AF00FA7652 /* Framework.swift */ = {isa = PBXFileReference; lastKnownFileType = sourcecode.swift; path = Framework.swift; sourceTree = "<group>"; };
		4CE69BC825A7521B00F8BA45 /* FrameworkGridViewModel.swift */ = {isa = PBXFileReference; lastKnownFileType = sourcecode.swift; path = FrameworkGridViewModel.swift; sourceTree = "<group>"; };
		4CE69BCD25A77AA400F8BA45 /* SafariView.swift */ = {isa = PBXFileReference; lastKnownFileType = sourcecode.swift; path = SafariView.swift; sourceTree = "<group>"; };
		4CE69BD025A77F5500F8BA45 /* FrameworkTitleView.swift */ = {isa = PBXFileReference; lastKnownFileType = sourcecode.swift; path = FrameworkTitleView.swift; sourceTree = "<group>"; };
		4CE69BD425A7804200F8BA45 /* XDismissButton.swift */ = {isa = PBXFileReference; lastKnownFileType = sourcecode.swift; path = XDismissButton.swift; sourceTree = "<group>"; };
/* End PBXFileReference section */

/* Begin PBXFrameworksBuildPhase section */
		4C189D85258FF44A00FA7652 /* Frameworks */ = {
			isa = PBXFrameworksBuildPhase;
			buildActionMask = 2147483647;
			files = (
			);
			runOnlyForDeploymentPostprocessing = 0;
		};
/* End PBXFrameworksBuildPhase section */

/* Begin PBXGroup section */
		4C189D7F258FF44A00FA7652 = {
			isa = PBXGroup;
			children = (
				4C189D8A258FF44A00FA7652 /* Apple-Frameworks */,
				4C189D89258FF44A00FA7652 /* Products */,
			);
			sourceTree = "<group>";
		};
		4C189D89258FF44A00FA7652 /* Products */ = {
			isa = PBXGroup;
			children = (
				4C189D88258FF44A00FA7652 /* Apple-Frameworks.app */,
			);
			name = Products;
			sourceTree = "<group>";
		};
		4C189D8A258FF44A00FA7652 /* Apple-Frameworks */ = {
			isa = PBXGroup;
			children = (
				4C189D94258FF45400FA7652 /* Info.plist */,
				4CE69BDE25A782B600F8BA45 /* UIKit components */,
				4CE69BDB25A7828600F8BA45 /* ReusableViews */,
				4CE69BDA25A7826900F8BA45 /* Model */,
				4CE69BD725A7821D00F8BA45 /* Screens */,
				4CE69BDF25A782CE00F8BA45 /* Suppoerting Files */,
				4C189D91258FF45400FA7652 /* Preview Content */,
			);
			path = "Apple-Frameworks";
			sourceTree = "<group>";
		};
		4C189D91258FF45400FA7652 /* Preview Content */ = {
			isa = PBXGroup;
			children = (
				4C189D92258FF45400FA7652 /* Preview Assets.xcassets */,
			);
			path = "Preview Content";
			sourceTree = "<group>";
		};
		4CE69BD725A7821D00F8BA45 /* Screens */ = {
			isa = PBXGroup;
			children = (
				4CE69BD925A7825000F8BA45 /* FrameworkDetailView */,
				4CE69BD825A7822A00F8BA45 /* FramewrokGridView */,
			);
			path = Screens;
			sourceTree = "<group>";
		};
		4CE69BD825A7822A00F8BA45 /* FramewrokGridView */ = {
			isa = PBXGroup;
			children = (
				4C189D8D258FF44A00FA7652 /* FrameworkGridView.swift */,
				4CE69BC825A7521B00F8BA45 /* FrameworkGridViewModel.swift */,
			);
			path = FramewrokGridView;
			sourceTree = "<group>";
		};
		4CE69BD925A7825000F8BA45 /* FrameworkDetailView */ = {
			isa = PBXGroup;
			children = (
				4C0B4ED025A218EA00D319E1 /* FrameworkDetailView.swift */,
			);
			path = FrameworkDetailView;
			sourceTree = "<group>";
		};
		4CE69BDA25A7826900F8BA45 /* Model */ = {
			isa = PBXGroup;
			children = (
				4C189D9B258FF4AF00FA7652 /* Framework.swift */,
			);
			path = Model;
			sourceTree = "<group>";
		};
		4CE69BDB25A7828600F8BA45 /* ReusableViews */ = {
			isa = PBXGroup;
			children = (
				4CE69BDD25A782A100F8BA45 /* Buttons */,
				4CE69BDC25A7829000F8BA45 /* views */,
			);
			path = ReusableViews;
			sourceTree = "<group>";
		};
		4CE69BDC25A7829000F8BA45 /* views */ = {
			isa = PBXGroup;
			children = (
				4CE69BD025A77F5500F8BA45 /* FrameworkTitleView.swift */,
			);
			path = views;
			sourceTree = "<group>";
		};
		4CE69BDD25A782A100F8BA45 /* Buttons */ = {
			isa = PBXGroup;
			children = (
				4C0B4ED425A2393800D319E1 /* AFButton.swift */,
				4CE69BD425A7804200F8BA45 /* XDismissButton.swift */,
			);
			path = Buttons;
			sourceTree = "<group>";
		};
		4CE69BDE25A782B600F8BA45 /* UIKit components */ = {
			isa = PBXGroup;
			children = (
				4CE69BCD25A77AA400F8BA45 /* SafariView.swift */,
			);
			path = "UIKit components";
			sourceTree = "<group>";
		};
		4CE69BDF25A782CE00F8BA45 /* Suppoerting Files */ = {
			isa = PBXGroup;
			children = (
				4C189D8B258FF44A00FA7652 /* Apple_FrameworksApp.swift */,
				4C189D8F258FF45400FA7652 /* Assets.xcassets */,
			);
			path = "Suppoerting Files";
			sourceTree = "<group>";
		};
/* End PBXGroup section */

/* Begin PBXNativeTarget section */
		4C189D87258FF44A00FA7652 /* Apple-Frameworks */ = {
			isa = PBXNativeTarget;
			buildConfigurationList = 4C189D97258FF45400FA7652 /* Build configuration list for PBXNativeTarget "Apple-Frameworks" */;
			buildPhases = (
				4C189D84258FF44A00FA7652 /* Sources */,
				4C189D85258FF44A00FA7652 /* Frameworks */,
				4C189D86258FF44A00FA7652 /* Resources */,
			);
			buildRules = (
			);
			dependencies = (
			);
			name = "Apple-Frameworks";
			productName = "Apple-Frameworks";
			productReference = 4C189D88258FF44A00FA7652 /* Apple-Frameworks.app */;
			productType = "com.apple.product-type.application";
		};
/* End PBXNativeTarget section */

/* Begin PBXProject section */
		4C189D80258FF44A00FA7652 /* Project object */ = {
			isa = PBXProject;
			attributes = {
				LastSwiftUpdateCheck = 1230;
				LastUpgradeCheck = 1230;
				TargetAttributes = {
					4C189D87258FF44A00FA7652 = {
						CreatedOnToolsVersion = 12.3;
					};
				};
			};
			buildConfigurationList = 4C189D83258FF44A00FA7652 /* Build configuration list for PBXProject "Apple-Frameworks" */;
			compatibilityVersion = "Xcode 9.3";
			developmentRegion = en;
			hasScannedForEncodings = 0;
			knownRegions = (
				en,
				Base,
			);
			mainGroup = 4C189D7F258FF44A00FA7652;
			productRefGroup = 4C189D89258FF44A00FA7652 /* Products */;
			projectDirPath = "";
			projectRoot = "";
			targets = (
				4C189D87258FF44A00FA7652 /* Apple-Frameworks */,
			);
		};
/* End PBXProject section */

/* Begin PBXResourcesBuildPhase section */
		4C189D86258FF44A00FA7652 /* Resources */ = {
			isa = PBXResourcesBuildPhase;
			buildActionMask = 2147483647;
			files = (
				4C189D93258FF45400FA7652 /* Preview Assets.xcassets in Resources */,
				4C189D90258FF45400FA7652 /* Assets.xcassets in Resources */,
			);
			runOnlyForDeploymentPostprocessing = 0;
		};
/* End PBXResourcesBuildPhase section */

/* Begin PBXSourcesBuildPhase section */
		4C189D84258FF44A00FA7652 /* Sources */ = {
			isa = PBXSourcesBuildPhase;
			buildActionMask = 2147483647;
			files = (
				4CE69BC925A7521B00F8BA45 /* FrameworkGridViewModel.swift in Sources */,
				4C0B4ED125A218EA00D319E1 /* FrameworkDetailView.swift in Sources */,
				4CE69BD525A7804200F8BA45 /* XDismissButton.swift in Sources */,
				4C189D8E258FF44A00FA7652 /* FrameworkGridView.swift in Sources */,
				4C189D9C258FF4AF00FA7652 /* Framework.swift in Sources */,
				4C0B4ED525A2393800D319E1 /* AFButton.swift in Sources */,
				4C189D8C258FF44A00FA7652 /* Apple_FrameworksApp.swift in Sources */,
				4CE69BD125A77F5500F8BA45 /* FrameworkTitleView.swift in Sources */,
				4CE69BCE25A77AA400F8BA45 /* SafariView.swift in Sources */,
			);
			runOnlyForDeploymentPostprocessing = 0;
		};
/* End PBXSourcesBuildPhase section */

/* Begin XCBuildConfiguration section */
		4C189D95258FF45400FA7652 /* Debug */ = {
			isa = XCBuildConfiguration;
			buildSettings = {
				ALWAYS_SEARCH_USER_PATHS = NO;
				CLANG_ANALYZER_NONNULL = YES;
				CLANG_ANALYZER_NUMBER_OBJECT_CONVERSION = YES_AGGRESSIVE;
				CLANG_CXX_LANGUAGE_STANDARD = "gnu++14";
				CLANG_CXX_LIBRARY = "libc++";
				CLANG_ENABLE_MODULES = YES;
				CLANG_ENABLE_OBJC_ARC = YES;
				CLANG_ENABLE_OBJC_WEAK = YES;
				CLANG_WARN_BLOCK_CAPTURE_AUTORELEASING = YES;
				CLANG_WARN_BOOL_CONVERSION = YES;
				CLANG_WARN_COMMA = YES;
				CLANG_WARN_CONSTANT_CONVERSION = YES;
				CLANG_WARN_DEPRECATED_OBJC_IMPLEMENTATIONS = YES;
				CLANG_WARN_DIRECT_OBJC_ISA_USAGE = YES_ERROR;
				CLANG_WARN_DOCUMENTATION_COMMENTS = YES;
				CLANG_WARN_EMPTY_BODY = YES;
				CLANG_WARN_ENUM_CONVERSION = YES;
				CLANG_WARN_INFINITE_RECURSION = YES;
				CLANG_WARN_INT_CONVERSION = YES;
				CLANG_WARN_NON_LITERAL_NULL_CONVERSION = YES;
				CLANG_WARN_OBJC_IMPLICIT_RETAIN_SELF = YES;
				CLANG_WARN_OBJC_LITERAL_CONVERSION = YES;
				CLANG_WARN_OBJC_ROOT_CLASS = YES_ERROR;
				CLANG_WARN_QUOTED_INCLUDE_IN_FRAMEWORK_HEADER = YES;
				CLANG_WARN_RANGE_LOOP_ANALYSIS = YES;
				CLANG_WARN_STRICT_PROTOTYPES = YES;
				CLANG_WARN_SUSPICIOUS_MOVE = YES;
				CLANG_WARN_UNGUARDED_AVAILABILITY = YES_AGGRESSIVE;
				CLANG_WARN_UNREACHABLE_CODE = YES;
				CLANG_WARN__DUPLICATE_METHOD_MATCH = YES;
				COPY_PHASE_STRIP = NO;
				DEBUG_INFORMATION_FORMAT = dwarf;
				ENABLE_STRICT_OBJC_MSGSEND = YES;
				ENABLE_TESTABILITY = YES;
				GCC_C_LANGUAGE_STANDARD = gnu11;
				GCC_DYNAMIC_NO_PIC = NO;
				GCC_NO_COMMON_BLOCKS = YES;
				GCC_OPTIMIZATION_LEVEL = 0;
				GCC_PREPROCESSOR_DEFINITIONS = (
					"DEBUG=1",
					"$(inherited)",
				);
				GCC_WARN_64_TO_32_BIT_CONVERSION = YES;
				GCC_WARN_ABOUT_RETURN_TYPE = YES_ERROR;
				GCC_WARN_UNDECLARED_SELECTOR = YES;
				GCC_WARN_UNINITIALIZED_AUTOS = YES_AGGRESSIVE;
				GCC_WARN_UNUSED_FUNCTION = YES;
				GCC_WARN_UNUSED_VARIABLE = YES;
				IPHONEOS_DEPLOYMENT_TARGET = 14.3;
				MTL_ENABLE_DEBUG_INFO = INCLUDE_SOURCE;
				MTL_FAST_MATH = YES;
				ONLY_ACTIVE_ARCH = YES;
				SDKROOT = iphoneos;
				SWIFT_ACTIVE_COMPILATION_CONDITIONS = DEBUG;
				SWIFT_OPTIMIZATION_LEVEL = "-Onone";
			};
			name = Debug;
		};
		4C189D96258FF45400FA7652 /* Release */ = {
			isa = XCBuildConfiguration;
			buildSettings = {
				ALWAYS_SEARCH_USER_PATHS = NO;
				CLANG_ANALYZER_NONNULL = YES;
				CLANG_ANALYZER_NUMBER_OBJECT_CONVERSION = YES_AGGRESSIVE;
				CLANG_CXX_LANGUAGE_STANDARD = "gnu++14";
				CLANG_CXX_LIBRARY = "libc++";
				CLANG_ENABLE_MODULES = YES;
				CLANG_ENABLE_OBJC_ARC = YES;
				CLANG_ENABLE_OBJC_WEAK = YES;
				CLANG_WARN_BLOCK_CAPTURE_AUTORELEASING = YES;
				CLANG_WARN_BOOL_CONVERSION = YES;
				CLANG_WARN_COMMA = YES;
				CLANG_WARN_CONSTANT_CONVERSION = YES;
				CLANG_WARN_DEPRECATED_OBJC_IMPLEMENTATIONS = YES;
				CLANG_WARN_DIRECT_OBJC_ISA_USAGE = YES_ERROR;
				CLANG_WARN_DOCUMENTATION_COMMENTS = YES;
				CLANG_WARN_EMPTY_BODY = YES;
				CLANG_WARN_ENUM_CONVERSION = YES;
				CLANG_WARN_INFINITE_RECURSION = YES;
				CLANG_WARN_INT_CONVERSION = YES;
				CLANG_WARN_NON_LITERAL_NULL_CONVERSION = YES;
				CLANG_WARN_OBJC_IMPLICIT_RETAIN_SELF = YES;
				CLANG_WARN_OBJC_LITERAL_CONVERSION = YES;
				CLANG_WARN_OBJC_ROOT_CLASS = YES_ERROR;
				CLANG_WARN_QUOTED_INCLUDE_IN_FRAMEWORK_HEADER = YES;
				CLANG_WARN_RANGE_LOOP_ANALYSIS = YES;
				CLANG_WARN_STRICT_PROTOTYPES = YES;
				CLANG_WARN_SUSPICIOUS_MOVE = YES;
				CLANG_WARN_UNGUARDED_AVAILABILITY = YES_AGGRESSIVE;
				CLANG_WARN_UNREACHABLE_CODE = YES;
				CLANG_WARN__DUPLICATE_METHOD_MATCH = YES;
				COPY_PHASE_STRIP = NO;
				DEBUG_INFORMATION_FORMAT = "dwarf-with-dsym";
				ENABLE_NS_ASSERTIONS = NO;
				ENABLE_STRICT_OBJC_MSGSEND = YES;
				GCC_C_LANGUAGE_STANDARD = gnu11;
				GCC_NO_COMMON_BLOCKS = YES;
				GCC_WARN_64_TO_32_BIT_CONVERSION = YES;
				GCC_WARN_ABOUT_RETURN_TYPE = YES_ERROR;
				GCC_WARN_UNDECLARED_SELECTOR = YES;
				GCC_WARN_UNINITIALIZED_AUTOS = YES_AGGRESSIVE;
				GCC_WARN_UNUSED_FUNCTION = YES;
				GCC_WARN_UNUSED_VARIABLE = YES;
				IPHONEOS_DEPLOYMENT_TARGET = 14.3;
				MTL_ENABLE_DEBUG_INFO = NO;
				MTL_FAST_MATH = YES;
				SDKROOT = iphoneos;
				SWIFT_COMPILATION_MODE = wholemodule;
				SWIFT_OPTIMIZATION_LEVEL = "-O";
				VALIDATE_PRODUCT = YES;
			};
			name = Release;
		};
		4C189D98258FF45400FA7652 /* Debug */ = {
			isa = XCBuildConfiguration;
			buildSettings = {
				ASSETCATALOG_COMPILER_APPICON_NAME = AppIcon;
				ASSETCATALOG_COMPILER_GLOBAL_ACCENT_COLOR_NAME = AccentColor;
				CODE_SIGN_STYLE = Automatic;
				DEVELOPMENT_ASSET_PATHS = "\"Apple-Frameworks/Preview Content\"";
				DEVELOPMENT_TEAM = H67HBX73UR;
				ENABLE_PREVIEWS = YES;
				INFOPLIST_FILE = "Apple-Frameworks/Info.plist";
				IPHONEOS_DEPLOYMENT_TARGET = 14.0;
				LD_RUNPATH_SEARCH_PATHS = (
					"$(inherited)",
					"@executable_path/Frameworks",
				);
				PRODUCT_BUNDLE_IDENTIFIER = "com.kalinbalabanov.Apple-Frameworks";
				PRODUCT_NAME = "$(TARGET_NAME)";
				SWIFT_VERSION = 5.0;
				TARGETED_DEVICE_FAMILY = "1,2";
			};
			name = Debug;
		};
		4C189D99258FF45400FA7652 /* Release */ = {
			isa = XCBuildConfiguration;
			buildSettings = {
				ASSETCATALOG_COMPILER_APPICON_NAME = AppIcon;
				ASSETCATALOG_COMPILER_GLOBAL_ACCENT_COLOR_NAME = AccentColor;
				CODE_SIGN_STYLE = Automatic;
				DEVELOPMENT_ASSET_PATHS = "\"Apple-Frameworks/Preview Content\"";
				DEVELOPMENT_TEAM = H67HBX73UR;
				ENABLE_PREVIEWS = YES;
				INFOPLIST_FILE = "Apple-Frameworks/Info.plist";
				IPHONEOS_DEPLOYMENT_TARGET = 14.0;
				LD_RUNPATH_SEARCH_PATHS = (
					"$(inherited)",
					"@executable_path/Frameworks",
				);
				PRODUCT_BUNDLE_IDENTIFIER = "com.kalinbalabanov.Apple-Frameworks";
				PRODUCT_NAME = "$(TARGET_NAME)";
				SWIFT_VERSION = 5.0;
				TARGETED_DEVICE_FAMILY = "1,2";
			};
			name = Release;
		};
/* End XCBuildConfiguration section */

/* Begin XCConfigurationList section */
		4C189D83258FF44A00FA7652 /* Build configuration list for PBXProject "Apple-Frameworks" */ = {
			isa = XCConfigurationList;
			buildConfigurations = (
				4C189D95258FF45400FA7652 /* Debug */,
				4C189D96258FF45400FA7652 /* Release */,
			);
			defaultConfigurationIsVisible = 0;
			defaultConfigurationName = Release;
		};
		4C189D97258FF45400FA7652 /* Build configuration list for PBXNativeTarget "Apple-Frameworks" */ = {
			isa = XCConfigurationList;
			buildConfigurations = (
				4C189D98258FF45400FA7652 /* Debug */,
				4C189D99258FF45400FA7652 /* Release */,
			);
			defaultConfigurationIsVisible = 0;
			defaultConfigurationName = Release;
		};
/* End XCConfigurationList section */
	};
	rootObject = 4C189D80258FF44A00FA7652 /* Project object */;
}
